lockfileVersion: '9.0'

settings:
  autoInstallPeers: true
  excludeLinksFromLockfile: false

importers:

  .:
    dependencies:
      '@prisma/client':
        specifier: ^5.15.0
        version: 5.15.0(prisma@5.15.0)
      dotenv:
        specifier: 16.0.3
        version: 16.0.3
      tmi.js:
        specifier: ^1.8.5
        version: 1.8.5
      typescript:
        specifier: ^5.4.5
        version: 5.4.5
    devDependencies:
      '@types/tmi.js':
        specifier: ^1.8.6
        version: 1.8.6
      prettier:
        specifier: ^2.5.1
        version: 2.8.8
      prisma:
        specifier: ^5.15.0
        version: 5.15.0

packages:

  '@prisma/client@5.15.0':
    resolution: {integrity: sha512-wPTeTjbd2Q0abOeffN7zCDCbkp9C9cF+e9HPiI64lmpehyq2TepgXE+sY7FXr7Rhbb21prLMnhXX27/E11V09w==}
    engines: {node: '>=16.13'}
    peerDependencies:
      prisma: '*'
    peerDependenciesMeta:
      prisma:
        optional: true

  '@prisma/debug@5.15.0':
    resolution: {integrity: sha512-QpEAOjieLPc/4sMny/WrWqtpIAmBYsgqwWlWwIctqZO0AbhQ9QcT6x2Ut3ojbDo/pFRCCA1Z1+xm2MUy7fAkZA==}

  '@prisma/engines-version@5.15.0-29.12e25d8d06f6ea5a0252864dd9a03b1bb51f3022':
    resolution: {integrity: sha512-3BEgZ41Qb4oWHz9kZNofToRvNeS4LZYaT9pienR1gWkjhky6t6K1NyeWNBkqSj2llgraUNbgMOCQPY4f7Qp5wA==}

  '@prisma/engines@5.15.0':
    resolution: {integrity: sha512-hXL5Sn9hh/ZpRKWiyPA5GbvF3laqBHKt6Vo70hYqqOhh5e0ZXDzHcdmxNvOefEFeqxra2DMz2hNbFoPvqrVe1w==}

  '@prisma/fetch-engine@5.15.0':
    resolution: {integrity: sha512-z6AY5yyXxc20Klj7wwnfGP0iIUkVKzybqapT02zLYR/nf9ynaeN8bq73WRmi1TkLYn+DJ5Qy+JGu7hBf1pE78A==}

  '@prisma/get-platform@5.15.0':
    resolution: {integrity: sha512-1GULDkW4+/VQb73vihxCBSc4Chc2x88MA+O40tcZFjmBzG4/fF44PaXFxUqKSFltxU9L9GIMLhh0Gfkk/pUbtg==}

  '@types/tmi.js@1.8.6':
    resolution: {integrity: sha512-LVzNK7AxTMyh9qHLanAQR1o0I9XzfbIcXk85cx85igmCJHHO1Sm71sdhQ8Mj1WmRGzynPIoCXx6mVaFynWbsQw==}

  dotenv@16.0.3:
    resolution: {integrity: sha512-7GO6HghkA5fYG9TYnNxi14/7K9f5occMlp3zXAuSxn7CKCxt9xbNWG7yF8hTCSUchlfWSe3uLmlPfigevRItzQ==}
    engines: {node: '>=12'}

  node-fetch@2.7.0:
    resolution: {integrity: sha512-c4FRfUm/dbcWZ7U+1Wq0AwCyFL+3nt2bEw05wfxSz+DWpWsitgmSgYmy2dQdWyKC1694ELPqMs/YzUSNozLt8A==}
    engines: {node: 4.x || >=6.0.0}
    peerDependencies:
      encoding: ^0.1.0
    peerDependenciesMeta:
      encoding:
        optional: true

  prettier@2.8.8:
    resolution: {integrity: sha512-tdN8qQGvNjw4CHbY+XXk0JgCXn9QiF21a55rBe5LJAU+kDyC4WQn4+awm2Xfk2lQMk5fKup9XgzTZtGkjBdP9Q==}
    engines: {node: '>=10.13.0'}
    hasBin: true

  prisma@5.15.0:
    resolution: {integrity: sha512-JA81ACQSCi3a7NUOgonOIkdx8PAVkO+HbUOxmd00Yb8DgIIEpr2V9+Qe/j6MLxIgWtE/OtVQ54rVjfYRbZsCfw==}
    engines: {node: '>=16.13'}
    hasBin: true

  tmi.js@1.8.5:
    resolution: {integrity: sha512-A9qrydfe1e0VWM9MViVhhxVgvLpnk7pFShVUWePsSTtoi+A1X+Zjdoa7OJd7/YsgHXGj3GkNEvnWop/1WwZuew==}
    engines: {node: '>=10.0.0'}

  tr46@0.0.3:
    resolution: {integrity: sha512-N3WMsuqV66lT30CrXNbEjx4GEwlow3v6rr4mCcv6prnfwhS01rkgyFdjPNBYd9br7LpXV1+Emh01fHnq2Gdgrw==}

  typescript@5.4.5:
    resolution: {integrity: sha512-vcI4UpRgg81oIRUFwR0WSIHKt11nJ7SAVlYNIu+QpqeyXP+gpQJy/Z4+F0aGxSE4MqwjyXvW/TzgkLAx2AGHwQ==}
    engines: {node: '>=14.17'}
    hasBin: true

  webidl-conversions@3.0.1:
    resolution: {integrity: sha512-2JAn3z8AR6rjK8Sm8orRC0h/bcl/DqL7tRPdGZ4I1CjdF+EaMLmYxBHyXuKL849eucPFhvBoxMsflfOb8kxaeQ==}

  whatwg-url@5.0.0:
    resolution: {integrity: sha512-saE57nupxk6v3HY35+jzBwYa0rKSy0XR8JSxZPwgLr7ys0IBzhGviA1/TUGJLmSVqs8pb9AnvICXEuOHLprYTw==}

  ws@8.17.0:
    resolution: {integrity: sha512-uJq6108EgZMAl20KagGkzCKfMEjxmKvZHG7Tlq0Z6nOky7YF7aq4mOx6xK8TJ/i1LeK4Qus7INktacctDgY8Ow==}
    engines: {node: '>=10.0.0'}
    peerDependencies:
      bufferutil: ^4.0.1
      utf-8-validate: '>=5.0.2'
    peerDependenciesMeta:
      bufferutil:
        optional: true
      utf-8-validate:
        optional: true

snapshots:

  '@prisma/client@5.15.0(prisma@5.15.0)':
    optionalDependencies:
      prisma: 5.15.0

  '@prisma/debug@5.15.0': {}

  '@prisma/engines-version@5.15.0-29.12e25d8d06f6ea5a0252864dd9a03b1bb51f3022': {}

  '@prisma/engines@5.15.0':
    dependencies:
      '@prisma/debug': 5.15.0
      '@prisma/engines-version': 5.15.0-29.12e25d8d06f6ea5a0252864dd9a03b1bb51f3022
      '@prisma/fetch-engine': 5.15.0
      '@prisma/get-platform': 5.15.0

  '@prisma/fetch-engine@5.15.0':
    dependencies:
      '@prisma/debug': 5.15.0
      '@prisma/engines-version': 5.15.0-29.12e25d8d06f6ea5a0252864dd9a03b1bb51f3022
      '@prisma/get-platform': 5.15.0

  '@prisma/get-platform@5.15.0':
    dependencies:
      '@prisma/debug': 5.15.0

  '@types/tmi.js@1.8.6': {}

  dotenv@16.0.3: {}

  node-fetch@2.7.0:
    dependencies:
      whatwg-url: 5.0.0

  prettier@2.8.8: {}

  prisma@5.15.0:
    dependencies:
      '@prisma/engines': 5.15.0

  tmi.js@1.8.5:
    dependencies:
      node-fetch: 2.7.0
      ws: 8.17.0
    transitivePeerDependencies:
      - bufferutil
      - encoding
      - utf-8-validate

  tr46@0.0.3: {}

  typescript@5.4.5: {}

  webidl-conversions@3.0.1: {}

  whatwg-url@5.0.0:
    dependencies:
      tr46: 0.0.3
      webidl-conversions: 3.0.1

  ws@8.17.0: {}
